PODS:
  - Flutter (1.0.0)
  - flutter_keyboard_visibility_temp_fork (0.0.1):
    - Flutter

DEPENDENCIES:
  - Flutter (from `Flutter`)
  - flutter_keyboard_visibility_temp_fork (from `.symlinks/plugins/flutter_keyboard_visibility_temp_fork/ios`)

EXTERNAL SOURCES:
  Flutter:
    :path: Flutter
  flutter_keyboard_visibility_temp_fork:
    :path: ".symlinks/plugins/flutter_keyboard_visibility_temp_fork/ios"

SPEC CHECKSUMS:
  Flutter: cabc95a1d2626b1b06e7179b784ebcf0c0cde467
  flutter_keyboard_visibility_temp_fork: 95b2d534bacf6ac62e7fcbe5c2a9e2c2a17ce06f

PODFILE CHECKSUM: 3c63482e143d1b91d2d2560aee9fb04ecc74ac7e

COCOAPODS: 1.16.2
